
Microsoft Visual Studio Solution File, Format Version 11.00
# Visual Studio 2010
Project("{F184B08F-C81C-45F6-A57F-5ABD9991F28F}") = "WA_GestStockTeleb", "WA_GestStockTeleb\WA_GestStockTeleb.vbproj", "{A0D32FB7-CE26-4773-A90A-1158CF5F3371}"
EndProject
Global
	GlobalSection(SolutionConfigurationPlatforms) = preSolution
		Debug|x86 = Debug|x86
		Release|x86 = Release|x86
	EndGlobalSection
	GlobalSection(ProjectConfigurationPlatforms) = postSolution
		{A0D32FB7-CE26-4773-A90A-1158CF5F3371}.Debug|x86.ActiveCfg = Debug|x86
		{A0D32FB7-CE26-4773-A90A-1158CF5F3371}.Debug|x86.Build.0 = Debug|x86
		{A0D32FB7-CE26-4773-A90A-1158CF5F3371}.Release|x86.ActiveCfg = Debug|x86
		{A0D32FB7-CE26-4773-A90A-1158CF5F3371}.Release|x86.Build.0 = Debug|x86
	EndGlobalSection
	GlobalSection(SolutionProperties) = preSolution
		HideSolutionNode = FALSE
	EndGlobalSection
EndGlobal
